
Microsoft Visual Studio Solution File, Format Version 12.00
# Visual Studio Version 17
VisualStudioVersion = 17.2.32630.192
MinimumVisualStudioVersion = 10.0.40219.1
Project("{FAE04EC0-301F-11D3-BF4B-00C04F79EFBC}") = "DeppoControlBackend", "DeppoControlBackend\DeppoControlBackend.csproj", "{E214C395-C641-471F-B930-BE263311ABFA}"
EndProject
Global
	GlobalSection(SolutionConfigurationPlatforms) = preSolution
		Debug|Any CPU = Debug|Any CPU
		Release|Any CPU = Release|Any CPU
	EndGlobalSection
	GlobalSection(ProjectConfigurationPlatforms) = postSolution
		{E214C395-C641-471F-B930-BE263311ABFA}.Debug|Any CPU.ActiveCfg = Debug|Any CPU
		{E214C395-C641-471F-B930-BE263311ABFA}.Debug|Any CPU.Build.0 = Debug|Any CPU
		{E214C395-C641-471F-B930-BE263311ABFA}.Release|Any CPU.ActiveCfg = Release|Any CPU
		{E214C395-C641-471F-B930-BE263311ABFA}.Release|Any CPU.Build.0 = Release|Any CPU
	EndGlobalSection
	GlobalSection(SolutionProperties) = preSolution
		HideSolutionNode = FALSE
	EndGlobalSection
	GlobalSection(ExtensibilityGlobals) = postSolution
		SolutionGuid = {FA0AFE71-823A-468C-AC7D-F6FD011024BE}
	EndGlobalSection
EndGlobal
